
Microsoft Visual Studio Solution File, Format Version 12.00
# Visual Studio Version 17
VisualStudioVersion = 17.5.33530.505
MinimumVisualStudioVersion = 10.0.40219.1
Project("{FAE04EC0-301F-11D3-BF4B-00C04F79EFBC}") = "ErrorHandling", "ErrorHandling\ErrorHandling.csproj", "{BADBBDE9-F751-4D52-8F8B-672B5065464F}"
EndProject
Global
	GlobalSection(SolutionConfigurationPlatforms) = preSolution
		Debug|Any CPU = Debug|Any CPU
		Release|Any CPU = Release|Any CPU
	EndGlobalSection
	GlobalSection(ProjectConfigurationPlatforms) = postSolution
		{BADBBDE9-F751-4D52-8F8B-672B5065464F}.Debug|Any CPU.ActiveCfg = Debug|Any CPU
		{BADBBDE9-F751-4D52-8F8B-672B5065464F}.Debug|Any CPU.Build.0 = Debug|Any CPU
		{BADBBDE9-F751-4D52-8F8B-672B5065464F}.Release|Any CPU.ActiveCfg = Release|Any CPU
		{BADBBDE9-F751-4D52-8F8B-672B5065464F}.Release|Any CPU.Build.0 = Release|Any CPU
	EndGlobalSection
	GlobalSection(SolutionProperties) = preSolution
		HideSolutionNode = FALSE
	EndGlobalSection
	GlobalSection(ExtensibilityGlobals) = postSolution
		SolutionGuid = {6B932D36-EC7F-4222-977B-CCC9892C1C5C}
	EndGlobalSection
EndGlobal
