
Microsoft Visual Studio Solution File, Format Version 12.00
# Visual Studio Version 17
VisualStudioVersion = 17.5.33530.505
MinimumVisualStudioVersion = 10.0.40219.1
Project("{FAE04EC0-301F-11D3-BF4B-00C04F79EFBC}") = "ConsoleApp2", "ConsoleApp2\ConsoleApp2.csproj", "{590C5B4D-66E0-4C29-9FD3-75E85E5BA40B}"
EndProject
Global
	GlobalSection(SolutionConfigurationPlatforms) = preSolution
		Debug|Any CPU = Debug|Any CPU
		Release|Any CPU = Release|Any CPU
	EndGlobalSection
	GlobalSection(ProjectConfigurationPlatforms) = postSolution
		{590C5B4D-66E0-4C29-9FD3-75E85E5BA40B}.Debug|Any CPU.ActiveCfg = Debug|Any CPU
		{590C5B4D-66E0-4C29-9FD3-75E85E5BA40B}.Debug|Any CPU.Build.0 = Debug|Any CPU
		{590C5B4D-66E0-4C29-9FD3-75E85E5BA40B}.Release|Any CPU.ActiveCfg = Release|Any CPU
		{590C5B4D-66E0-4C29-9FD3-75E85E5BA40B}.Release|Any CPU.Build.0 = Release|Any CPU
	EndGlobalSection
	GlobalSection(SolutionProperties) = preSolution
		HideSolutionNode = FALSE
	EndGlobalSection
	GlobalSection(ExtensibilityGlobals) = postSolution
		SolutionGuid = {0C863FCB-C1EB-4D94-BFB4-E2254E94DB90}
	EndGlobalSection
EndGlobal
