
Microsoft Visual Studio Solution File, Format Version 12.00
# Visual Studio Version 17
VisualStudioVersion = 17.5.33530.505
MinimumVisualStudioVersion = 10.0.40219.1
Project("{FAE04EC0-301F-11D3-BF4B-00C04F79EFBC}") = "Duplicate Values", "Duplicate Values\Duplicate Values.csproj", "{CC4C869D-9580-4A67-844B-78F578AFEE9F}"
EndProject
Global
	GlobalSection(SolutionConfigurationPlatforms) = preSolution
		Debug|Any CPU = Debug|Any CPU
		Release|Any CPU = Release|Any CPU
	EndGlobalSection
	GlobalSection(ProjectConfigurationPlatforms) = postSolution
		{CC4C869D-9580-4A67-844B-78F578AFEE9F}.Debug|Any CPU.ActiveCfg = Debug|Any CPU
		{CC4C869D-9580-4A67-844B-78F578AFEE9F}.Debug|Any CPU.Build.0 = Debug|Any CPU
		{CC4C869D-9580-4A67-844B-78F578AFEE9F}.Release|Any CPU.ActiveCfg = Release|Any CPU
		{CC4C869D-9580-4A67-844B-78F578AFEE9F}.Release|Any CPU.Build.0 = Release|Any CPU
	EndGlobalSection
	GlobalSection(SolutionProperties) = preSolution
		HideSolutionNode = FALSE
	EndGlobalSection
	GlobalSection(ExtensibilityGlobals) = postSolution
		SolutionGuid = {3C83C317-8869-416C-A99C-904D6B795322}
	EndGlobalSection
EndGlobal
