
Microsoft Visual Studio Solution File, Format Version 12.00
# Visual Studio Version 17
VisualStudioVersion = 17.5.33530.505
MinimumVisualStudioVersion = 10.0.40219.1
Project("{FAE04EC0-301F-11D3-BF4B-00C04F79EFBC}") = "SortedArray", "SortedArray\SortedArray.csproj", "{F2C1C76B-89A1-4EE4-B981-753F8AD8F56F}"
EndProject
Global
	GlobalSection(SolutionConfigurationPlatforms) = preSolution
		Debug|Any CPU = Debug|Any CPU
		Release|Any CPU = Release|Any CPU
	EndGlobalSection
	GlobalSection(ProjectConfigurationPlatforms) = postSolution
		{F2C1C76B-89A1-4EE4-B981-753F8AD8F56F}.Debug|Any CPU.ActiveCfg = Debug|Any CPU
		{F2C1C76B-89A1-4EE4-B981-753F8AD8F56F}.Debug|Any CPU.Build.0 = Debug|Any CPU
		{F2C1C76B-89A1-4EE4-B981-753F8AD8F56F}.Release|Any CPU.ActiveCfg = Release|Any CPU
		{F2C1C76B-89A1-4EE4-B981-753F8AD8F56F}.Release|Any CPU.Build.0 = Release|Any CPU
	EndGlobalSection
	GlobalSection(SolutionProperties) = preSolution
		HideSolutionNode = FALSE
	EndGlobalSection
	GlobalSection(ExtensibilityGlobals) = postSolution
		SolutionGuid = {A1ABFBE8-7241-4AF2-B462-C1C2897D1B14}
	EndGlobalSection
EndGlobal
